// !$*UTF8*$!
{
	archiveVersion = 1;
	classes = {
	};
	objectVersion = 46;
	objects = {

/* Begin PBXBuildFile section */
		770074B5192D96E200CF2F01 /* Foundation.framework in Frameworks */ = {isa = PBXBuildFile; fileRef = 770074B4192D96E200CF2F01 /* Foundation.framework */; };
		770074BA192D96E200CF2F01 /* SecretMessage.h in CopyFiles */ = {isa = PBXBuildFile; fileRef = 770074B9192D96E200CF2F01 /* SecretMessage.h */; };
		770074BC192D96E200CF2F01 /* SecretMessage.m in Sources */ = {isa = PBXBuildFile; fileRef = 770074BB192D96E200CF2F01 /* SecretMessage.m */; };
		770074C3192D96E200CF2F01 /* XCTest.framework in Frameworks */ = {isa = PBXBuildFile; fileRef = 770074C2192D96E200CF2F01 /* XCTest.framework */; };
		770074C4192D96E200CF2F01 /* Foundation.framework in Frameworks */ = {isa = PBXBuildFile; fileRef = 770074B4192D96E200CF2F01 /* Foundation.framework */; };
		770074C6192D96E200CF2F01 /* UIKit.framework in Frameworks */ = {isa = PBXBuildFile; fileRef = 770074C5192D96E200CF2F01 /* UIKit.framework */; };
		770074C9192D96E200CF2F01 /* libSecretMessage.a in Frameworks */ = {isa = PBXBuildFile; fileRef = 770074B1192D96E200CF2F01 /* libSecretMessage.a */; };
		770074CF192D96E200CF2F01 /* InfoPlist.strings in Resources */ = {isa = PBXBuildFile; fileRef = 770074CD192D96E200CF2F01 /* InfoPlist.strings */; };
		770074D1192D96E200CF2F01 /* SecretMessageTests.m in Sources */ = {isa = PBXBuildFile; fileRef = 770074D0192D96E200CF2F01 /* SecretMessageTests.m */; };
		770074E5192DB20E00CF2F01 /* SMPrivateKey.m in Sources */ = {isa = PBXBuildFile; fileRef = 770074E4192DB20E00CF2F01 /* SMPrivateKey.m */; };
		770074E8192DB21B00CF2F01 /* SMMessage.m in Sources */ = {isa = PBXBuildFile; fileRef = 770074E7192DB21B00CF2F01 /* SMMessage.m */; };
		770074EB192DB2AF00CF2F01 /* SMUserState.m in Sources */ = {isa = PBXBuildFile; fileRef = 770074EA192DB2AF00CF2F01 /* SMUserState.m */; };
		770074EE192DB2CA00CF2F01 /* SMProtocol.m in Sources */ = {isa = PBXBuildFile; fileRef = 770074ED192DB2CA00CF2F01 /* SMProtocol.m */; };
		770074F1192DB2DC00CF2F01 /* SMContext.m in Sources */ = {isa = PBXBuildFile; fileRef = 770074F0192DB2DC00CF2F01 /* SMContext.m */; };
		770074F4192DB2E400CF2F01 /* SMAuth.m in Sources */ = {isa = PBXBuildFile; fileRef = 770074F3192DB2E400CF2F01 /* SMAuth.m */; };
		770074F7192DB38F00CF2F01 /* SMAuthInfo.m in Sources */ = {isa = PBXBuildFile; fileRef = 770074F6192DB38F00CF2F01 /* SMAuthInfo.m */; };
		770074F9192DBD9C00CF2F01 /* libcommonCrypto.dylib in Frameworks */ = {isa = PBXBuildFile; fileRef = 770074F8192DBD9C00CF2F01 /* libcommonCrypto.dylib */; };
		770074FC192DBEF000CF2F01 /* SMDiffieHellman.m in Sources */ = {isa = PBXBuildFile; fileRef = 770074FB192DBEF000CF2F01 /* SMDiffieHellman.m */; };
		77007500192DC4DF00CF2F01 /* NSString+SubstringHelpers.m in Sources */ = {isa = PBXBuildFile; fileRef = 770074FF192DC4DF00CF2F01 /* NSString+SubstringHelpers.m */; };
		77007502192DEC2400CF2F01 /* CFNetwork.framework in Frameworks */ = {isa = PBXBuildFile; fileRef = 77007501192DEC2400CF2F01 /* CFNetwork.framework */; };
		77007504192DEC5E00CF2F01 /* Security.framework in Frameworks */ = {isa = PBXBuildFile; fileRef = 77007503192DEC5E00CF2F01 /* Security.framework */; };
		77007507192DEC7C00CF2F01 /* SMSecretMessage.m in Sources */ = {isa = PBXBuildFile; fileRef = 77007506192DEC7C00CF2F01 /* SMSecretMessage.m */; };
		7700750B192DF9BD00CF2F01 /* SMCommitMessage.m in Sources */ = {isa = PBXBuildFile; fileRef = 7700750A192DF9BD00CF2F01 /* SMCommitMessage.m */; };
		7700750E192E0B2600CF2F01 /* SMKeyMessage.m in Sources */ = {isa = PBXBuildFile; fileRef = 7700750D192E0B2600CF2F01 /* SMKeyMessage.m */; };
		77007511192E0D1B00CF2F01 /* SMRevealSignatureMessage.m in Sources */ = {isa = PBXBuildFile; fileRef = 77007510192E0D1B00CF2F01 /* SMRevealSignatureMessage.m */; };
		77007514192E12AC00CF2F01 /* SMSignatureMessage.m in Sources */ = {isa = PBXBuildFile; fileRef = 77007513192E12AC00CF2F01 /* SMSignatureMessage.m */; };
		77007517192E12C300CF2F01 /* SMDataMessage.m in Sources */ = {isa = PBXBuildFile; fileRef = 77007516192E12C300CF2F01 /* SMDataMessage.m */; };
		7700751A192E139900CF2F01 /* SMQueryMessage.m in Sources */ = {isa = PBXBuildFile; fileRef = 77007519192E139900CF2F01 /* SMQueryMessage.m */; };
		7700751D192E13A600CF2F01 /* SMErrorMessage.m in Sources */ = {isa = PBXBuildFile; fileRef = 7700751C192E13A600CF2F01 /* SMErrorMessage.m */; };
/* End PBXBuildFile section */

/* Begin PBXContainerItemProxy section */
		770074C7192D96E200CF2F01 /* PBXContainerItemProxy */ = {
			isa = PBXContainerItemProxy;
			containerPortal = 770074A9192D96E200CF2F01 /* Project object */;
			proxyType = 1;
			remoteGlobalIDString = 770074B0192D96E200CF2F01;
			remoteInfo = SecretMessage;
		};
/* End PBXContainerItemProxy section */

/* Begin PBXCopyFilesBuildPhase section */
		770074AF192D96E200CF2F01 /* CopyFiles */ = {
			isa = PBXCopyFilesBuildPhase;
			buildActionMask = 2147483647;
			dstPath = "include/$(PRODUCT_NAME)";
			dstSubfolderSpec = 16;
			files = (
				770074BA192D96E200CF2F01 /* SecretMessage.h in CopyFiles */,
			);
			runOnlyForDeploymentPostprocessing = 0;
		};
/* End PBXCopyFilesBuildPhase section */

/* Begin PBXFileReference section */
		770074B1192D96E200CF2F01 /* libSecretMessage.a */ = {isa = PBXFileReference; explicitFileType = archive.ar; includeInIndex = 0; path = libSecretMessage.a; sourceTree = BUILT_PRODUCTS_DIR; };
		770074B4192D96E200CF2F01 /* Foundation.framework */ = {isa = PBXFileReference; lastKnownFileType = wrapper.framework; name = Foundation.framework; path = System/Library/Frameworks/Foundation.framework; sourceTree = SDKROOT; };
		770074B8192D96E200CF2F01 /* SecretMessage-Prefix.pch */ = {isa = PBXFileReference; lastKnownFileType = sourcecode.c.h; path = "SecretMessage-Prefix.pch"; sourceTree = "<group>"; };
		770074B9192D96E200CF2F01 /* SecretMessage.h */ = {isa = PBXFileReference; lastKnownFileType = sourcecode.c.h; path = SecretMessage.h; sourceTree = "<group>"; };
		770074BB192D96E200CF2F01 /* SecretMessage.m */ = {isa = PBXFileReference; lastKnownFileType = sourcecode.c.objc; path = SecretMessage.m; sourceTree = "<group>"; };
		770074C1192D96E200CF2F01 /* SecretMessageTests.xctest */ = {isa = PBXFileReference; explicitFileType = wrapper.cfbundle; includeInIndex = 0; path = SecretMessageTests.xctest; sourceTree = BUILT_PRODUCTS_DIR; };
		770074C2192D96E200CF2F01 /* XCTest.framework */ = {isa = PBXFileReference; lastKnownFileType = wrapper.framework; name = XCTest.framework; path = Library/Frameworks/XCTest.framework; sourceTree = DEVELOPER_DIR; };
		770074C5192D96E200CF2F01 /* UIKit.framework */ = {isa = PBXFileReference; lastKnownFileType = wrapper.framework; name = UIKit.framework; path = Library/Frameworks/UIKit.framework; sourceTree = DEVELOPER_DIR; };
		770074CC192D96E200CF2F01 /* SecretMessageTests-Info.plist */ = {isa = PBXFileReference; lastKnownFileType = text.plist.xml; path = "SecretMessageTests-Info.plist"; sourceTree = "<group>"; };
		770074CE192D96E200CF2F01 /* en */ = {isa = PBXFileReference; lastKnownFileType = text.plist.strings; name = en; path = en.lproj/InfoPlist.strings; sourceTree = "<group>"; };
		770074D0192D96E200CF2F01 /* SecretMessageTests.m */ = {isa = PBXFileReference; lastKnownFileType = sourcecode.c.objc; path = SecretMessageTests.m; sourceTree = "<group>"; };
		770074DC192D976200CF2F01 /* libgcrypt-1.5.3 */ = {isa = PBXFileReference; lastKnownFileType = folder; path = "libgcrypt-1.5.3"; sourceTree = "<group>"; };
		770074DD192D977400CF2F01 /* libgpg-error-1.12 */ = {isa = PBXFileReference; lastKnownFileType = folder; path = "libgpg-error-1.12"; sourceTree = "<group>"; };
		770074DE192D977400CF2F01 /* libotr-4.0.0 */ = {isa = PBXFileReference; lastKnownFileType = folder; path = "libotr-4.0.0"; sourceTree = "<group>"; };
		770074E3192DB20E00CF2F01 /* SMPrivateKey.h */ = {isa = PBXFileReference; fileEncoding = 4; lastKnownFileType = sourcecode.c.h; path = SMPrivateKey.h; sourceTree = "<group>"; };
		770074E4192DB20E00CF2F01 /* SMPrivateKey.m */ = {isa = PBXFileReference; fileEncoding = 4; lastKnownFileType = sourcecode.c.objc; path = SMPrivateKey.m; sourceTree = "<group>"; };
		770074E6192DB21B00CF2F01 /* SMMessage.h */ = {isa = PBXFileReference; fileEncoding = 4; lastKnownFileType = sourcecode.c.h; path = SMMessage.h; sourceTree = "<group>"; };
		770074E7192DB21B00CF2F01 /* SMMessage.m */ = {isa = PBXFileReference; fileEncoding = 4; lastKnownFileType = sourcecode.c.objc; path = SMMessage.m; sourceTree = "<group>"; };
		770074E9192DB2AF00CF2F01 /* SMUserState.h */ = {isa = PBXFileReference; fileEncoding = 4; lastKnownFileType = sourcecode.c.h; path = SMUserState.h; sourceTree = "<group>"; };
		770074EA192DB2AF00CF2F01 /* SMUserState.m */ = {isa = PBXFileReference; fileEncoding = 4; lastKnownFileType = sourcecode.c.objc; path = SMUserState.m; sourceTree = "<group>"; };
		770074EC192DB2CA00CF2F01 /* SMProtocol.h */ = {isa = PBXFileReference; fileEncoding = 4; lastKnownFileType = sourcecode.c.h; path = SMProtocol.h; sourceTree = "<group>"; };
		770074ED192DB2CA00CF2F01 /* SMProtocol.m */ = {isa = PBXFileReference; fileEncoding = 4; lastKnownFileType = sourcecode.c.objc; path = SMProtocol.m; sourceTree = "<group>"; };
		770074EF192DB2DC00CF2F01 /* SMContext.h */ = {isa = PBXFileReference; fileEncoding = 4; lastKnownFileType = sourcecode.c.h; path = SMContext.h; sourceTree = "<group>"; };
		770074F0192DB2DC00CF2F01 /* SMContext.m */ = {isa = PBXFileReference; fileEncoding = 4; lastKnownFileType = sourcecode.c.objc; path = SMContext.m; sourceTree = "<group>"; };
		770074F2192DB2E400CF2F01 /* SMAuth.h */ = {isa = PBXFileReference; fileEncoding = 4; lastKnownFileType = sourcecode.c.h; path = SMAuth.h; sourceTree = "<group>"; };
		770074F3192DB2E400CF2F01 /* SMAuth.m */ = {isa = PBXFileReference; fileEncoding = 4; lastKnownFileType = sourcecode.c.objc; path = SMAuth.m; sourceTree = "<group>"; };
		770074F5192DB38F00CF2F01 /* SMAuthInfo.h */ = {isa = PBXFileReference; fileEncoding = 4; lastKnownFileType = sourcecode.c.h; path = SMAuthInfo.h; sourceTree = "<group>"; };
		770074F6192DB38F00CF2F01 /* SMAuthInfo.m */ = {isa = PBXFileReference; fileEncoding = 4; lastKnownFileType = sourcecode.c.objc; path = SMAuthInfo.m; sourceTree = "<group>"; };
		770074F8192DBD9C00CF2F01 /* libcommonCrypto.dylib */ = {isa = PBXFileReference; lastKnownFileType = "compiled.mach-o.dylib"; name = libcommonCrypto.dylib; path = usr/lib/system/libcommonCrypto.dylib; sourceTree = SDKROOT; };
		770074FA192DBEF000CF2F01 /* SMDiffieHellman.h */ = {isa = PBXFileReference; fileEncoding = 4; lastKnownFileType = sourcecode.c.h; path = SMDiffieHellman.h; sourceTree = "<group>"; };
		770074FB192DBEF000CF2F01 /* SMDiffieHellman.m */ = {isa = PBXFileReference; fileEncoding = 4; lastKnownFileType = sourcecode.c.objc; path = SMDiffieHellman.m; sourceTree = "<group>"; };
		770074FE192DC4DF00CF2F01 /* NSString+SubstringHelpers.h */ = {isa = PBXFileReference; fileEncoding = 4; lastKnownFileType = sourcecode.c.h; path = "NSString+SubstringHelpers.h"; sourceTree = "<group>"; };
		770074FF192DC4DF00CF2F01 /* NSString+SubstringHelpers.m */ = {isa = PBXFileReference; fileEncoding = 4; lastKnownFileType = sourcecode.c.objc; path = "NSString+SubstringHelpers.m"; sourceTree = "<group>"; };
		77007501192DEC2400CF2F01 /* CFNetwork.framework */ = {isa = PBXFileReference; lastKnownFileType = wrapper.framework; name = CFNetwork.framework; path = System/Library/Frameworks/CFNetwork.framework; sourceTree = SDKROOT; };
		77007503192DEC5E00CF2F01 /* Security.framework */ = {isa = PBXFileReference; lastKnownFileType = wrapper.framework; name = Security.framework; path = System/Library/Frameworks/Security.framework; sourceTree = SDKROOT; };
		77007505192DEC7C00CF2F01 /* SMSecretMessage.h */ = {isa = PBXFileReference; fileEncoding = 4; lastKnownFileType = sourcecode.c.h; path = SMSecretMessage.h; sourceTree = "<group>"; };
		77007506192DEC7C00CF2F01 /* SMSecretMessage.m */ = {isa = PBXFileReference; fileEncoding = 4; lastKnownFileType = sourcecode.c.objc; path = SMSecretMessage.m; sourceTree = "<group>"; };
		77007509192DF9BD00CF2F01 /* SMCommitMessage.h */ = {isa = PBXFileReference; fileEncoding = 4; lastKnownFileType = sourcecode.c.h; path = SMCommitMessage.h; sourceTree = "<group>"; };
		7700750A192DF9BD00CF2F01 /* SMCommitMessage.m */ = {isa = PBXFileReference; fileEncoding = 4; lastKnownFileType = sourcecode.c.objc; path = SMCommitMessage.m; sourceTree = "<group>"; };
		7700750C192E0B2600CF2F01 /* SMKeyMessage.h */ = {isa = PBXFileReference; fileEncoding = 4; lastKnownFileType = sourcecode.c.h; path = SMKeyMessage.h; sourceTree = "<group>"; };
		7700750D192E0B2600CF2F01 /* SMKeyMessage.m */ = {isa = PBXFileReference; fileEncoding = 4; lastKnownFileType = sourcecode.c.objc; path = SMKeyMessage.m; sourceTree = "<group>"; };
		7700750F192E0D1B00CF2F01 /* SMRevealSignatureMessage.h */ = {isa = PBXFileReference; fileEncoding = 4; lastKnownFileType = sourcecode.c.h; path = SMRevealSignatureMessage.h; sourceTree = "<group>"; };
		77007510192E0D1B00CF2F01 /* SMRevealSignatureMessage.m */ = {isa = PBXFileReference; fileEncoding = 4; lastKnownFileType = sourcecode.c.objc; path = SMRevealSignatureMessage.m; sourceTree = "<group>"; };
		77007512192E12AC00CF2F01 /* SMSignatureMessage.h */ = {isa = PBXFileReference; fileEncoding = 4; lastKnownFileType = sourcecode.c.h; path = SMSignatureMessage.h; sourceTree = "<group>"; };
		77007513192E12AC00CF2F01 /* SMSignatureMessage.m */ = {isa = PBXFileReference; fileEncoding = 4; lastKnownFileType = sourcecode.c.objc; path = SMSignatureMessage.m; sourceTree = "<group>"; };
		77007515192E12C300CF2F01 /* SMDataMessage.h */ = {isa = PBXFileReference; fileEncoding = 4; lastKnownFileType = sourcecode.c.h; path = SMDataMessage.h; sourceTree = "<group>"; };
		77007516192E12C300CF2F01 /* SMDataMessage.m */ = {isa = PBXFileReference; fileEncoding = 4; lastKnownFileType = sourcecode.c.objc; path = SMDataMessage.m; sourceTree = "<group>"; };
		77007518192E139900CF2F01 /* SMQueryMessage.h */ = {isa = PBXFileReference; fileEncoding = 4; lastKnownFileType = sourcecode.c.h; path = SMQueryMessage.h; sourceTree = "<group>"; };
		77007519192E139900CF2F01 /* SMQueryMessage.m */ = {isa = PBXFileReference; fileEncoding = 4; lastKnownFileType = sourcecode.c.objc; path = SMQueryMessage.m; sourceTree = "<group>"; };
		7700751B192E13A600CF2F01 /* SMErrorMessage.h */ = {isa = PBXFileReference; fileEncoding = 4; lastKnownFileType = sourcecode.c.h; path = SMErrorMessage.h; sourceTree = "<group>"; };
		7700751C192E13A600CF2F01 /* SMErrorMessage.m */ = {isa = PBXFileReference; fileEncoding = 4; lastKnownFileType = sourcecode.c.objc; path = SMErrorMessage.m; sourceTree = "<group>"; };
/* End PBXFileReference section */

/* Begin PBXFrameworksBuildPhase section */
		770074AE192D96E200CF2F01 /* Frameworks */ = {
			isa = PBXFrameworksBuildPhase;
			buildActionMask = 2147483647;
			files = (
				77007504192DEC5E00CF2F01 /* Security.framework in Frameworks */,
				77007502192DEC2400CF2F01 /* CFNetwork.framework in Frameworks */,
				770074F9192DBD9C00CF2F01 /* libcommonCrypto.dylib in Frameworks */,
				770074B5192D96E200CF2F01 /* Foundation.framework in Frameworks */,
			);
			runOnlyForDeploymentPostprocessing = 0;
		};
		770074BE192D96E200CF2F01 /* Frameworks */ = {
			isa = PBXFrameworksBuildPhase;
			buildActionMask = 2147483647;
			files = (
				770074C3192D96E200CF2F01 /* XCTest.framework in Frameworks */,
				770074C6192D96E200CF2F01 /* UIKit.framework in Frameworks */,
				770074C4192D96E200CF2F01 /* Foundation.framework in Frameworks */,
				770074C9192D96E200CF2F01 /* libSecretMessage.a in Frameworks */,
			);
			runOnlyForDeploymentPostprocessing = 0;
		};
/* End PBXFrameworksBuildPhase section */

/* Begin PBXGroup section */
		770074A8192D96E200CF2F01 = {
			isa = PBXGroup;
			children = (
				770074DD192D977400CF2F01 /* libgpg-error-1.12 */,
				770074DE192D977400CF2F01 /* libotr-4.0.0 */,
				770074DC192D976200CF2F01 /* libgcrypt-1.5.3 */,
				770074B6192D96E200CF2F01 /* SecretMessage */,
				770074CA192D96E200CF2F01 /* SecretMessageTests */,
				770074B3192D96E200CF2F01 /* Frameworks */,
				770074B2192D96E200CF2F01 /* Products */,
			);
			sourceTree = "<group>";
		};
		770074B2192D96E200CF2F01 /* Products */ = {
			isa = PBXGroup;
			children = (
				770074B1192D96E200CF2F01 /* libSecretMessage.a */,
				770074C1192D96E200CF2F01 /* SecretMessageTests.xctest */,
			);
			name = Products;
			sourceTree = "<group>";
		};
		770074B3192D96E200CF2F01 /* Frameworks */ = {
			isa = PBXGroup;
			children = (
				77007503192DEC5E00CF2F01 /* Security.framework */,
				77007501192DEC2400CF2F01 /* CFNetwork.framework */,
				770074F8192DBD9C00CF2F01 /* libcommonCrypto.dylib */,
				770074B4192D96E200CF2F01 /* Foundation.framework */,
				770074C2192D96E200CF2F01 /* XCTest.framework */,
				770074C5192D96E200CF2F01 /* UIKit.framework */,
			);
			name = Frameworks;
			sourceTree = "<group>";
		};
		770074B6192D96E200CF2F01 /* SecretMessage */ = {
			isa = PBXGroup;
			children = (
				770074FD192DC4CA00CF2F01 /* Categories */,
				770074E1192DB14B00CF2F01 /* gcrypt */,
				770074E0192DB14600CF2F01 /* gpg */,
				770074DF192DB13F00CF2F01 /* otr */,
				770074B9192D96E200CF2F01 /* SecretMessage.h */,
				770074BB192D96E200CF2F01 /* SecretMessage.m */,
				770074B7192D96E200CF2F01 /* Supporting Files */,
			);
			path = SecretMessage;
			sourceTree = "<group>";
		};
		770074B7192D96E200CF2F01 /* Supporting Files */ = {
			isa = PBXGroup;
			children = (
				770074B8192D96E200CF2F01 /* SecretMessage-Prefix.pch */,
			);
			name = "Supporting Files";
			sourceTree = "<group>";
		};
		770074CA192D96E200CF2F01 /* SecretMessageTests */ = {
			isa = PBXGroup;
			children = (
				770074D0192D96E200CF2F01 /* SecretMessageTests.m */,
				770074CB192D96E200CF2F01 /* Supporting Files */,
			);
			path = SecretMessageTests;
			sourceTree = "<group>";
		};
		770074CB192D96E200CF2F01 /* Supporting Files */ = {
			isa = PBXGroup;
			children = (
				770074CC192D96E200CF2F01 /* SecretMessageTests-Info.plist */,
				770074CD192D96E200CF2F01 /* InfoPlist.strings */,
			);
			name = "Supporting Files";
			sourceTree = "<group>";
		};
		770074DF192DB13F00CF2F01 /* otr */ = {
			isa = PBXGroup;
			children = (
				77007508192DF9A400CF2F01 /* Messages */,
				770074E2192DB1D200CF2F01 /* toolkit */,
				770074E3192DB20E00CF2F01 /* SMPrivateKey.h */,
				770074E4192DB20E00CF2F01 /* SMPrivateKey.m */,
				770074E9192DB2AF00CF2F01 /* SMUserState.h */,
				770074EA192DB2AF00CF2F01 /* SMUserState.m */,
				770074EC192DB2CA00CF2F01 /* SMProtocol.h */,
				770074ED192DB2CA00CF2F01 /* SMProtocol.m */,
				770074EF192DB2DC00CF2F01 /* SMContext.h */,
				770074F0192DB2DC00CF2F01 /* SMContext.m */,
				770074F2192DB2E400CF2F01 /* SMAuth.h */,
				770074F3192DB2E400CF2F01 /* SMAuth.m */,
				770074F5192DB38F00CF2F01 /* SMAuthInfo.h */,
				770074F6192DB38F00CF2F01 /* SMAuthInfo.m */,
				770074FA192DBEF000CF2F01 /* SMDiffieHellman.h */,
				770074FB192DBEF000CF2F01 /* SMDiffieHellman.m */,
				77007505192DEC7C00CF2F01 /* SMSecretMessage.h */,
				77007506192DEC7C00CF2F01 /* SMSecretMessage.m */,
			);
			name = otr;
			sourceTree = "<group>";
		};
		770074E0192DB14600CF2F01 /* gpg */ = {
			isa = PBXGroup;
			children = (
			);
			name = gpg;
			sourceTree = "<group>";
		};
		770074E1192DB14B00CF2F01 /* gcrypt */ = {
			isa = PBXGroup;
			children = (
			);
			name = gcrypt;
			sourceTree = "<group>";
		};
		770074E2192DB1D200CF2F01 /* toolkit */ = {
			isa = PBXGroup;
			children = (
			);
			name = toolkit;
			sourceTree = "<group>";
		};
		770074FD192DC4CA00CF2F01 /* Categories */ = {
			isa = PBXGroup;
			children = (
				770074FE192DC4DF00CF2F01 /* NSString+SubstringHelpers.h */,
				770074FF192DC4DF00CF2F01 /* NSString+SubstringHelpers.m */,
			);
			name = Categories;
			sourceTree = "<group>";
		};
		77007508192DF9A400CF2F01 /* Messages */ = {
			isa = PBXGroup;
			children = (
				770074E6192DB21B00CF2F01 /* SMMessage.h */,
				770074E7192DB21B00CF2F01 /* SMMessage.m */,
				77007509192DF9BD00CF2F01 /* SMCommitMessage.h */,
				7700750A192DF9BD00CF2F01 /* SMCommitMessage.m */,
				7700750C192E0B2600CF2F01 /* SMKeyMessage.h */,
				7700750D192E0B2600CF2F01 /* SMKeyMessage.m */,
				7700750F192E0D1B00CF2F01 /* SMRevealSignatureMessage.h */,
				77007510192E0D1B00CF2F01 /* SMRevealSignatureMessage.m */,
				77007512192E12AC00CF2F01 /* SMSignatureMessage.h */,
				77007513192E12AC00CF2F01 /* SMSignatureMessage.m */,
				77007515192E12C300CF2F01 /* SMDataMessage.h */,
				77007516192E12C300CF2F01 /* SMDataMessage.m */,
				77007518192E139900CF2F01 /* SMQueryMessage.h */,
				77007519192E139900CF2F01 /* SMQueryMessage.m */,
				7700751B192E13A600CF2F01 /* SMErrorMessage.h */,
				7700751C192E13A600CF2F01 /* SMErrorMessage.m */,
			);
			name = Messages;
			sourceTree = "<group>";
		};
/* End PBXGroup section */

/* Begin PBXNativeTarget section */
		770074B0192D96E200CF2F01 /* SecretMessage */ = {
			isa = PBXNativeTarget;
			buildConfigurationList = 770074D4192D96E200CF2F01 /* Build configuration list for PBXNativeTarget "SecretMessage" */;
			buildPhases = (
				770074AD192D96E200CF2F01 /* Sources */,
				770074AE192D96E200CF2F01 /* Frameworks */,
				770074AF192D96E200CF2F01 /* CopyFiles */,
			);
			buildRules = (
			);
			dependencies = (
			);
			name = SecretMessage;
			productName = SecretMessage;
			productReference = 770074B1192D96E200CF2F01 /* libSecretMessage.a */;
			productType = "com.apple.product-type.library.static";
		};
		770074C0192D96E200CF2F01 /* SecretMessageTests */ = {
			isa = PBXNativeTarget;
			buildConfigurationList = 770074D7192D96E200CF2F01 /* Build configuration list for PBXNativeTarget "SecretMessageTests" */;
			buildPhases = (
				770074BD192D96E200CF2F01 /* Sources */,
				770074BE192D96E200CF2F01 /* Frameworks */,
				770074BF192D96E200CF2F01 /* Resources */,
			);
			buildRules = (
			);
			dependencies = (
				770074C8192D96E200CF2F01 /* PBXTargetDependency */,
			);
			name = SecretMessageTests;
			productName = SecretMessageTests;
			productReference = 770074C1192D96E200CF2F01 /* SecretMessageTests.xctest */;
			productType = "com.apple.product-type.bundle.unit-test";
		};
/* End PBXNativeTarget section */

/* Begin PBXProject section */
		770074A9192D96E200CF2F01 /* Project object */ = {
			isa = PBXProject;
			attributes = {
				LastUpgradeCheck = 0510;
				ORGANIZATIONNAME = "Detonation Games";
			};
			buildConfigurationList = 770074AC192D96E200CF2F01 /* Build configuration list for PBXProject "SecretMessage" */;
			compatibilityVersion = "Xcode 3.2";
			developmentRegion = English;
			hasScannedForEncodings = 0;
			knownRegions = (
				en,
			);
			mainGroup = 770074A8192D96E200CF2F01;
			productRefGroup = 770074B2192D96E200CF2F01 /* Products */;
			projectDirPath = "";
			projectRoot = "";
			targets = (
				770074B0192D96E200CF2F01 /* SecretMessage */,
				770074C0192D96E200CF2F01 /* SecretMessageTests */,
			);
		};
/* End PBXProject section */

/* Begin PBXResourcesBuildPhase section */
		770074BF192D96E200CF2F01 /* Resources */ = {
			isa = PBXResourcesBuildPhase;
			buildActionMask = 2147483647;
			files = (
				770074CF192D96E200CF2F01 /* InfoPlist.strings in Resources */,
			);
			runOnlyForDeploymentPostprocessing = 0;
		};
/* End PBXResourcesBuildPhase section */

/* Begin PBXSourcesBuildPhase section */
		770074AD192D96E200CF2F01 /* Sources */ = {
			isa = PBXSourcesBuildPhase;
			buildActionMask = 2147483647;
			files = (
				770074EE192DB2CA00CF2F01 /* SMProtocol.m in Sources */,
				770074F4192DB2E400CF2F01 /* SMAuth.m in Sources */,
				7700750B192DF9BD00CF2F01 /* SMCommitMessage.m in Sources */,
				770074FC192DBEF000CF2F01 /* SMDiffieHellman.m in Sources */,
				770074F1192DB2DC00CF2F01 /* SMContext.m in Sources */,
				7700750E192E0B2600CF2F01 /* SMKeyMessage.m in Sources */,
				77007507192DEC7C00CF2F01 /* SMSecretMessage.m in Sources */,
				770074EB192DB2AF00CF2F01 /* SMUserState.m in Sources */,
				770074BC192D96E200CF2F01 /* SecretMessage.m in Sources */,
				77007517192E12C300CF2F01 /* SMDataMessage.m in Sources */,
				770074F7192DB38F00CF2F01 /* SMAuthInfo.m in Sources */,
				77007514192E12AC00CF2F01 /* SMSignatureMessage.m in Sources */,
				7700751A192E139900CF2F01 /* SMQueryMessage.m in Sources */,
				77007500192DC4DF00CF2F01 /* NSString+SubstringHelpers.m in Sources */,
				770074E5192DB20E00CF2F01 /* SMPrivateKey.m in Sources */,
				770074E8192DB21B00CF2F01 /* SMMessage.m in Sources */,
				7700751D192E13A600CF2F01 /* SMErrorMessage.m in Sources */,
				77007511192E0D1B00CF2F01 /* SMRevealSignatureMessage.m in Sources */,
			);
			runOnlyForDeploymentPostprocessing = 0;
		};
		770074BD192D96E200CF2F01 /* Sources */ = {
			isa = PBXSourcesBuildPhase;
			buildActionMask = 2147483647;
			files = (
				770074D1192D96E200CF2F01 /* SecretMessageTests.m in Sources */,
			);
			runOnlyForDeploymentPostprocessing = 0;
		};
/* End PBXSourcesBuildPhase section */

/* Begin PBXTargetDependency section */
		770074C8192D96E200CF2F01 /* PBXTargetDependency */ = {
			isa = PBXTargetDependency;
			target = 770074B0192D96E200CF2F01 /* SecretMessage */;
			targetProxy = 770074C7192D96E200CF2F01 /* PBXContainerItemProxy */;
		};
/* End PBXTargetDependency section */

/* Begin PBXVariantGroup section */
		770074CD192D96E200CF2F01 /* InfoPlist.strings */ = {
			isa = PBXVariantGroup;
			children = (
				770074CE192D96E200CF2F01 /* en */,
			);
			name = InfoPlist.strings;
			sourceTree = "<group>";
		};
/* End PBXVariantGroup section */

/* Begin XCBuildConfiguration section */
		770074D2192D96E200CF2F01 /* Debug */ = {
			isa = XCBuildConfiguration;
			buildSettings = {
				ALWAYS_SEARCH_USER_PATHS = NO;
				CLANG_CXX_LANGUAGE_STANDARD = "gnu++0x";
				CLANG_CXX_LIBRARY = "libc++";
				CLANG_ENABLE_MODULES = YES;
				CLANG_ENABLE_OBJC_ARC = YES;
				CLANG_WARN_BOOL_CONVERSION = YES;
				CLANG_WARN_CONSTANT_CONVERSION = YES;
				CLANG_WARN_DIRECT_OBJC_ISA_USAGE = YES_ERROR;
				CLANG_WARN_EMPTY_BODY = YES;
				CLANG_WARN_ENUM_CONVERSION = YES;
				CLANG_WARN_INT_CONVERSION = YES;
				CLANG_WARN_OBJC_ROOT_CLASS = YES_ERROR;
				CLANG_WARN__DUPLICATE_METHOD_MATCH = YES;
				COPY_PHASE_STRIP = NO;
				GCC_C_LANGUAGE_STANDARD = gnu99;
				GCC_DYNAMIC_NO_PIC = NO;
				GCC_OPTIMIZATION_LEVEL = 0;
				GCC_PREPROCESSOR_DEFINITIONS = (
					"DEBUG=1",
					"$(inherited)",
				);
				GCC_SYMBOLS_PRIVATE_EXTERN = NO;
				GCC_WARN_64_TO_32_BIT_CONVERSION = YES;
				GCC_WARN_ABOUT_RETURN_TYPE = YES_ERROR;
				GCC_WARN_UNDECLARED_SELECTOR = YES;
				GCC_WARN_UNINITIALIZED_AUTOS = YES_AGGRESSIVE;
				GCC_WARN_UNUSED_FUNCTION = YES;
				GCC_WARN_UNUSED_VARIABLE = YES;
				IPHONEOS_DEPLOYMENT_TARGET = 7.1;
				ONLY_ACTIVE_ARCH = YES;
				SDKROOT = iphoneos;
			};
			name = Debug;
		};
		770074D3192D96E200CF2F01 /* Release */ = {
			isa = XCBuildConfiguration;
			buildSettings = {
				ALWAYS_SEARCH_USER_PATHS = NO;
				CLANG_CXX_LANGUAGE_STANDARD = "gnu++0x";
				CLANG_CXX_LIBRARY = "libc++";
				CLANG_ENABLE_MODULES = YES;
				CLANG_ENABLE_OBJC_ARC = YES;
				CLANG_WARN_BOOL_CONVERSION = YES;
				CLANG_WARN_CONSTANT_CONVERSION = YES;
				CLANG_WARN_DIRECT_OBJC_ISA_USAGE = YES_ERROR;
				CLANG_WARN_EMPTY_BODY = YES;
				CLANG_WARN_ENUM_CONVERSION = YES;
				CLANG_WARN_INT_CONVERSION = YES;
				CLANG_WARN_OBJC_ROOT_CLASS = YES_ERROR;
				CLANG_WARN__DUPLICATE_METHOD_MATCH = YES;
				COPY_PHASE_STRIP = YES;
				ENABLE_NS_ASSERTIONS = NO;
				GCC_C_LANGUAGE_STANDARD = gnu99;
				GCC_WARN_64_TO_32_BIT_CONVERSION = YES;
				GCC_WARN_ABOUT_RETURN_TYPE = YES_ERROR;
				GCC_WARN_UNDECLARED_SELECTOR = YES;
				GCC_WARN_UNINITIALIZED_AUTOS = YES_AGGRESSIVE;
				GCC_WARN_UNUSED_FUNCTION = YES;
				GCC_WARN_UNUSED_VARIABLE = YES;
				IPHONEOS_DEPLOYMENT_TARGET = 7.1;
				SDKROOT = iphoneos;
				VALIDATE_PRODUCT = YES;
			};
			name = Release;
		};
		770074D5192D96E200CF2F01 /* Debug */ = {
			isa = XCBuildConfiguration;
			buildSettings = {
				DSTROOT = /tmp/SecretMessage.dst;
				GCC_PRECOMPILE_PREFIX_HEADER = YES;
				GCC_PREFIX_HEADER = "SecretMessage/SecretMessage-Prefix.pch";
				LIBRARY_SEARCH_PATHS = (
					"$(inherited)",
					"$(SDKROOT)/usr/lib/system",
				);
				OTHER_LDFLAGS = "-ObjC";
				PRODUCT_NAME = "$(TARGET_NAME)";
				SKIP_INSTALL = YES;
			};
			name = Debug;
		};
		770074D6192D96E200CF2F01 /* Release */ = {
			isa = XCBuildConfiguration;
			buildSettings = {
				DSTROOT = /tmp/SecretMessage.dst;
				GCC_PRECOMPILE_PREFIX_HEADER = YES;
				GCC_PREFIX_HEADER = "SecretMessage/SecretMessage-Prefix.pch";
				LIBRARY_SEARCH_PATHS = (
					"$(inherited)",
					"$(SDKROOT)/usr/lib/system",
				);
				OTHER_LDFLAGS = "-ObjC";
				PRODUCT_NAME = "$(TARGET_NAME)";
				SKIP_INSTALL = YES;
			};
			name = Release;
		};
		770074D8192D96E200CF2F01 /* Debug */ = {
			isa = XCBuildConfiguration;
			buildSettings = {
				FRAMEWORK_SEARCH_PATHS = (
					"$(SDKROOT)/Developer/Library/Frameworks",
					"$(inherited)",
					"$(DEVELOPER_FRAMEWORKS_DIR)",
				);
				GCC_PRECOMPILE_PREFIX_HEADER = YES;
				GCC_PREFIX_HEADER = "SecretMessage/SecretMessage-Prefix.pch";
				GCC_PREPROCESSOR_DEFINITIONS = (
					"DEBUG=1",
					"$(inherited)",
				);
				INFOPLIST_FILE = "SecretMessageTests/SecretMessageTests-Info.plist";
				PRODUCT_NAME = "$(TARGET_NAME)";
				WRAPPER_EXTENSION = xctest;
			};
			name = Debug;
		};
		770074D9192D96E200CF2F01 /* Release */ = {
			isa = XCBuildConfiguration;
			buildSettings = {
				FRAMEWORK_SEARCH_PATHS = (
					"$(SDKROOT)/Developer/Library/Frameworks",
					"$(inherited)",
					"$(DEVELOPER_FRAMEWORKS_DIR)",
				);
				GCC_PRECOMPILE_PREFIX_HEADER = YES;
				GCC_PREFIX_HEADER = "SecretMessage/SecretMessage-Prefix.pch";
				INFOPLIST_FILE = "SecretMessageTests/SecretMessageTests-Info.plist";
				PRODUCT_NAME = "$(TARGET_NAME)";
				WRAPPER_EXTENSION = xctest;
			};
			name = Release;
		};
/* End XCBuildConfiguration section */

/* Begin XCConfigurationList section */
		770074AC192D96E200CF2F01 /* Build configuration list for PBXProject "SecretMessage" */ = {
			isa = XCConfigurationList;
			buildConfigurations = (
				770074D2192D96E200CF2F01 /* Debug */,
				770074D3192D96E200CF2F01 /* Release */,
			);
			defaultConfigurationIsVisible = 0;
			defaultConfigurationName = Release;
		};
		770074D4192D96E200CF2F01 /* Build configuration list for PBXNativeTarget "SecretMessage" */ = {
			isa = XCConfigurationList;
			buildConfigurations = (
				770074D5192D96E200CF2F01 /* Debug */,
				770074D6192D96E200CF2F01 /* Release */,
			);
			defaultConfigurationIsVisible = 0;
		};
		770074D7192D96E200CF2F01 /* Build configuration list for PBXNativeTarget "SecretMessageTests" */ = {
			isa = XCConfigurationList;
			buildConfigurations = (
				770074D8192D96E200CF2F01 /* Debug */,
				770074D9192D96E200CF2F01 /* Release */,
			);
			defaultConfigurationIsVisible = 0;
		};
/* End XCConfigurationList section */
	};
	rootObject = 770074A9192D96E200CF2F01 /* Project object */;
}
